
Microsoft Visual Studio Solution File, Format Version 12.00
# Visual Studio Version 17
VisualStudioVersion = 17.9.34616.47
MinimumVisualStudioVersion = 10.0.40219.1
Project("{8BC9CEB8-8B4A-11D0-8D11-00A0C91BC942}") = "Activitystrict_0060", "Activitystrict_0060\Activitystrict_0060.vcxproj", "{2601B396-B239-4D62-A65E-9918E1462009}"
EndProject
Project("{8BC9CEB8-8B4A-11D0-8D11-00A0C91BC942}") = "Activitystrict2_0060", "Activitystrict2_0060\Activitystrict2_0060.vcxproj", "{28B39EBA-5A26-428F-B0DD-CC32E09D2E9A}"
EndProject
Global
	GlobalSection(SolutionConfigurationPlatforms) = preSolution
		Debug|x64 = Debug|x64
		Debug|x86 = Debug|x86
		Release|x64 = Release|x64
		Release|x86 = Release|x86
	EndGlobalSection
	GlobalSection(ProjectConfigurationPlatforms) = postSolution
		{2601B396-B239-4D62-A65E-9918E1462009}.Debug|x64.ActiveCfg = Debug|x64
		{2601B396-B239-4D62-A65E-9918E1462009}.Debug|x64.Build.0 = Debug|x64
		{2601B396-B239-4D62-A65E-9918E1462009}.Debug|x86.ActiveCfg = Debug|Win32
		{2601B396-B239-4D62-A65E-9918E1462009}.Debug|x86.Build.0 = Debug|Win32
		{2601B396-B239-4D62-A65E-9918E1462009}.Release|x64.ActiveCfg = Release|x64
		{2601B396-B239-4D62-A65E-9918E1462009}.Release|x64.Build.0 = Release|x64
		{2601B396-B239-4D62-A65E-9918E1462009}.Release|x86.ActiveCfg = Release|Win32
		{2601B396-B239-4D62-A65E-9918E1462009}.Release|x86.Build.0 = Release|Win32
		{28B39EBA-5A26-428F-B0DD-CC32E09D2E9A}.Debug|x64.ActiveCfg = Debug|x64
		{28B39EBA-5A26-428F-B0DD-CC32E09D2E9A}.Debug|x64.Build.0 = Debug|x64
		{28B39EBA-5A26-428F-B0DD-CC32E09D2E9A}.Debug|x86.ActiveCfg = Debug|Win32
		{28B39EBA-5A26-428F-B0DD-CC32E09D2E9A}.Debug|x86.Build.0 = Debug|Win32
		{28B39EBA-5A26-428F-B0DD-CC32E09D2E9A}.Release|x64.ActiveCfg = Release|x64
		{28B39EBA-5A26-428F-B0DD-CC32E09D2E9A}.Release|x64.Build.0 = Release|x64
		{28B39EBA-5A26-428F-B0DD-CC32E09D2E9A}.Release|x86.ActiveCfg = Release|Win32
		{28B39EBA-5A26-428F-B0DD-CC32E09D2E9A}.Release|x86.Build.0 = Release|Win32
	EndGlobalSection
	GlobalSection(SolutionProperties) = preSolution
		HideSolutionNode = FALSE
	EndGlobalSection
	GlobalSection(ExtensibilityGlobals) = postSolution
		SolutionGuid = {320323D0-E4AC-46D5-A32D-EBD0CF0B13B5}
	EndGlobalSection
EndGlobal
